
Microsoft Visual Studio Solution File, Format Version 12.00
# Visual Studio Version 17
VisualStudioVersion = 17.5.33414.496
MinimumVisualStudioVersion = 10.0.40219.1
Project("{FAE04EC0-301F-11D3-BF4B-00C04F79EFBC}") = "AstraLearn_Kel03", "AstraLearn_Kel03\AstraLearn_Kel03.csproj", "{3F0CC97E-86EC-46F0-B192-BBBCC8F033C3}"
EndProject
Global
	GlobalSection(SolutionConfigurationPlatforms) = preSolution
		Debug|Any CPU = Debug|Any CPU
		Release|Any CPU = Release|Any CPU
	EndGlobalSection
	GlobalSection(ProjectConfigurationPlatforms) = postSolution
		{3F0CC97E-86EC-46F0-B192-BBBCC8F033C3}.Debug|Any CPU.ActiveCfg = Debug|Any CPU
		{3F0CC97E-86EC-46F0-B192-BBBCC8F033C3}.Debug|Any CPU.Build.0 = Debug|Any CPU
		{3F0CC97E-86EC-46F0-B192-BBBCC8F033C3}.Release|Any CPU.ActiveCfg = Release|Any CPU
		{3F0CC97E-86EC-46F0-B192-BBBCC8F033C3}.Release|Any CPU.Build.0 = Release|Any CPU
	EndGlobalSection
	GlobalSection(SolutionProperties) = preSolution
		HideSolutionNode = FALSE
	EndGlobalSection
	GlobalSection(ExtensibilityGlobals) = postSolution
		SolutionGuid = {A7E766B3-9826-42F0-9009-E0D555E83EBB}
	EndGlobalSection
EndGlobal
